// !$*UTF8*$!
{
	archiveVersion = 1;
	classes = {
	};
	objectVersion = 56;
	objects = {

/* Begin PBXBuildFile section */
		F20690452A59965A00519F19 /* main.m in Sources */ = {isa = PBXBuildFile; fileRef = F20690442A59965A00519F19 /* main.m */; };
		F206904D2A59B10A00519F19 /* libusb-1.0.0.dylib in Frameworks */ = {isa = PBXBuildFile; fileRef = F206904C2A59B10A00519F19 /* libusb-1.0.0.dylib */; };
/* End PBXBuildFile section */

/* Begin PBXCopyFilesBuildPhase section */
		F206903F2A59965A00519F19 /* CopyFiles */ = {
			isa = PBXCopyFilesBuildPhase;
			buildActionMask = 2147483647;
			dstPath = /usr/share/man/man1/;
			dstSubfolderSpec = 0;
			files = (
			);
			runOnlyForDeploymentPostprocessing = 1;
		};
/* End PBXCopyFilesBuildPhase section */

/* Begin PBXFileReference section */
		F20532F32A59E68B004E86C2 /* assemble2.s */ = {isa = PBXFileReference; lastKnownFileType = sourcecode.asm; path = assemble2.s; sourceTree = "<group>"; };
		F20532F42A59EB75004E86C2 /* compile_payload.sh */ = {isa = PBXFileReference; lastKnownFileType = text.script.sh; path = compile_payload.sh; sourceTree = "<group>"; };
		F20532F52A59F989004E86C2 /* payload_body.c */ = {isa = PBXFileReference; lastKnownFileType = sourcecode.c.c; path = payload_body.c; sourceTree = "<group>"; };
		F20690412A59965A00519F19 /* jailbreak */ = {isa = PBXFileReference; explicitFileType = "compiled.mach-o.executable"; includeInIndex = 0; path = jailbreak; sourceTree = BUILT_PRODUCTS_DIR; };
		F20690442A59965A00519F19 /* main.m */ = {isa = PBXFileReference; lastKnownFileType = sourcecode.c.objc; path = main.m; sourceTree = "<group>"; };
		F206904C2A59B10A00519F19 /* libusb-1.0.0.dylib */ = {isa = PBXFileReference; lastKnownFileType = "compiled.mach-o.dylib"; name = "libusb-1.0.0.dylib"; path = "../../../../../opt/homebrew/Cellar/libusb/1.0.26/lib/libusb-1.0.0.dylib"; sourceTree = "<group>"; };
		F206904E2A59BBAE00519F19 /* dump_shellcode.py */ = {isa = PBXFileReference; lastKnownFileType = text.script.python; path = dump_shellcode.py; sourceTree = "<group>"; };
		F206904F2A59BD6C00519F19 /* Notes.md */ = {isa = PBXFileReference; lastKnownFileType = net.daringfireball.markdown; path = Notes.md; sourceTree = "<group>"; };
		F26E90572A5DFE8900CB8B98 /* payload2_tiny.s */ = {isa = PBXFileReference; lastKnownFileType = sourcecode.asm; path = payload2_tiny.s; sourceTree = "<group>"; };
		F2FC8F442A5C709F002724FB /* payload2.s */ = {isa = PBXFileReference; lastKnownFileType = sourcecode.asm; path = payload2.s; sourceTree = "<group>"; };
		F2FC8F462A5C70F0002724FB /* compile_payload2.sh */ = {isa = PBXFileReference; lastKnownFileType = text.script.sh; path = compile_payload2.sh; sourceTree = "<group>"; };
		F2FC8F472A5C71B2002724FB /* payload2.c */ = {isa = PBXFileReference; lastKnownFileType = sourcecode.c.c; path = payload2.c; sourceTree = "<group>"; };
/* End PBXFileReference section */

/* Begin PBXFrameworksBuildPhase section */
		F206903E2A59965A00519F19 /* Frameworks */ = {
			isa = PBXFrameworksBuildPhase;
			buildActionMask = 2147483647;
			files = (
				F206904D2A59B10A00519F19 /* libusb-1.0.0.dylib in Frameworks */,
			);
			runOnlyForDeploymentPostprocessing = 0;
		};
/* End PBXFrameworksBuildPhase section */

/* Begin PBXGroup section */
		F20690382A59965A00519F19 = {
			isa = PBXGroup;
			children = (
				F2FC8F432A5C7086002724FB /* payload2 */,
				F20532F52A59F989004E86C2 /* payload_body.c */,
				F20532F42A59EB75004E86C2 /* compile_payload.sh */,
				F20532F32A59E68B004E86C2 /* assemble2.s */,
				F206904F2A59BD6C00519F19 /* Notes.md */,
				F206904E2A59BBAE00519F19 /* dump_shellcode.py */,
				F20690432A59965A00519F19 /* jailbreak */,
				F20690422A59965A00519F19 /* Products */,
				F206904B2A59B10A00519F19 /* Frameworks */,
			);
			sourceTree = "<group>";
		};
		F20690422A59965A00519F19 /* Products */ = {
			isa = PBXGroup;
			children = (
				F20690412A59965A00519F19 /* jailbreak */,
			);
			name = Products;
			sourceTree = "<group>";
		};
		F20690432A59965A00519F19 /* jailbreak */ = {
			isa = PBXGroup;
			children = (
				F20690442A59965A00519F19 /* main.m */,
			);
			path = jailbreak;
			sourceTree = "<group>";
		};
		F206904B2A59B10A00519F19 /* Frameworks */ = {
			isa = PBXGroup;
			children = (
				F206904C2A59B10A00519F19 /* libusb-1.0.0.dylib */,
			);
			name = Frameworks;
			sourceTree = "<group>";
		};
		F2FC8F432A5C7086002724FB /* payload2 */ = {
			isa = PBXGroup;
			children = (
				F2FC8F462A5C70F0002724FB /* compile_payload2.sh */,
				F2FC8F442A5C709F002724FB /* payload2.s */,
				F2FC8F472A5C71B2002724FB /* payload2.c */,
				F26E90572A5DFE8900CB8B98 /* payload2_tiny.s */,
			);
			path = payload2;
			sourceTree = "<group>";
		};
/* End PBXGroup section */

/* Begin PBXNativeTarget section */
		F20690402A59965A00519F19 /* jailbreak */ = {
			isa = PBXNativeTarget;
			buildConfigurationList = F20690482A59965A00519F19 /* Build configuration list for PBXNativeTarget "jailbreak" */;
			buildPhases = (
				F206903D2A59965A00519F19 /* Sources */,
				F206903E2A59965A00519F19 /* Frameworks */,
				F206903F2A59965A00519F19 /* CopyFiles */,
			);
			buildRules = (
			);
			dependencies = (
			);
			name = jailbreak;
			productName = jailbreak;
			productReference = F20690412A59965A00519F19 /* jailbreak */;
			productType = "com.apple.product-type.tool";
		};
/* End PBXNativeTarget section */

/* Begin PBXProject section */
		F20690392A59965A00519F19 /* Project object */ = {
			isa = PBXProject;
			attributes = {
				BuildIndependentTargetsInParallel = 1;
				LastUpgradeCheck = 1500;
				TargetAttributes = {
					F20690402A59965A00519F19 = {
						CreatedOnToolsVersion = 15.0;
					};
				};
			};
			buildConfigurationList = F206903C2A59965A00519F19 /* Build configuration list for PBXProject "jailbreak" */;
			compatibilityVersion = "Xcode 14.0";
			developmentRegion = en;
			hasScannedForEncodings = 0;
			knownRegions = (
				en,
				Base,
			);
			mainGroup = F20690382A59965A00519F19;
			productRefGroup = F20690422A59965A00519F19 /* Products */;
			projectDirPath = "";
			projectRoot = "";
			targets = (
				F20690402A59965A00519F19 /* jailbreak */,
			);
		};
/* End PBXProject section */

/* Begin PBXSourcesBuildPhase section */
		F206903D2A59965A00519F19 /* Sources */ = {
			isa = PBXSourcesBuildPhase;
			buildActionMask = 2147483647;
			files = (
				F20690452A59965A00519F19 /* main.m in Sources */,
			);
			runOnlyForDeploymentPostprocessing = 0;
		};
/* End PBXSourcesBuildPhase section */

/* Begin XCBuildConfiguration section */
		F20690462A59965A00519F19 /* Debug */ = {
			isa = XCBuildConfiguration;
			buildSettings = {
				ALWAYS_SEARCH_USER_PATHS = NO;
				ASSETCATALOG_COMPILER_GENERATE_SWIFT_ASSET_SYMBOL_EXTENSIONS = YES;
				CLANG_ANALYZER_NONNULL = YES;
				CLANG_ANALYZER_NUMBER_OBJECT_CONVERSION = YES_AGGRESSIVE;
				CLANG_CXX_LANGUAGE_STANDARD = "gnu++20";
				CLANG_ENABLE_MODULES = YES;
				CLANG_ENABLE_OBJC_ARC = YES;
				CLANG_ENABLE_OBJC_WEAK = YES;
				CLANG_WARN_BLOCK_CAPTURE_AUTORELEASING = YES;
				CLANG_WARN_BOOL_CONVERSION = YES;
				CLANG_WARN_COMMA = YES;
				CLANG_WARN_CONSTANT_CONVERSION = YES;
				CLANG_WARN_DEPRECATED_OBJC_IMPLEMENTATIONS = YES;
				CLANG_WARN_DIRECT_OBJC_ISA_USAGE = YES_ERROR;
				CLANG_WARN_DOCUMENTATION_COMMENTS = YES;
				CLANG_WARN_EMPTY_BODY = YES;
				CLANG_WARN_ENUM_CONVERSION = YES;
				CLANG_WARN_INFINITE_RECURSION = YES;
				CLANG_WARN_INT_CONVERSION = YES;
				CLANG_WARN_NON_LITERAL_NULL_CONVERSION = YES;
				CLANG_WARN_OBJC_IMPLICIT_RETAIN_SELF = YES;
				CLANG_WARN_OBJC_LITERAL_CONVERSION = YES;
				CLANG_WARN_OBJC_ROOT_CLASS = YES_ERROR;
				CLANG_WARN_QUOTED_INCLUDE_IN_FRAMEWORK_HEADER = YES;
				CLANG_WARN_RANGE_LOOP_ANALYSIS = YES;
				CLANG_WARN_STRICT_PROTOTYPES = YES;
				CLANG_WARN_SUSPICIOUS_MOVE = YES;
				CLANG_WARN_UNGUARDED_AVAILABILITY = YES_AGGRESSIVE;
				CLANG_WARN_UNREACHABLE_CODE = YES;
				CLANG_WARN__DUPLICATE_METHOD_MATCH = YES;
				COPY_PHASE_STRIP = NO;
				DEBUG_INFORMATION_FORMAT = dwarf;
				ENABLE_STRICT_OBJC_MSGSEND = YES;
				ENABLE_TESTABILITY = YES;
				ENABLE_USER_SCRIPT_SANDBOXING = YES;
				GCC_C_LANGUAGE_STANDARD = gnu17;
				GCC_DYNAMIC_NO_PIC = NO;
				GCC_NO_COMMON_BLOCKS = YES;
				GCC_OPTIMIZATION_LEVEL = 0;
				GCC_PREPROCESSOR_DEFINITIONS = (
					"DEBUG=1",
					"$(inherited)",
				);
				GCC_WARN_64_TO_32_BIT_CONVERSION = YES;
				GCC_WARN_ABOUT_RETURN_TYPE = YES_ERROR;
				GCC_WARN_UNDECLARED_SELECTOR = YES;
				GCC_WARN_UNINITIALIZED_AUTOS = YES_AGGRESSIVE;
				GCC_WARN_UNUSED_FUNCTION = YES;
				GCC_WARN_UNUSED_VARIABLE = YES;
				LOCALIZATION_PREFERS_STRING_CATALOGS = YES;
				MACOSX_DEPLOYMENT_TARGET = 13.5;
				MTL_ENABLE_DEBUG_INFO = INCLUDE_SOURCE;
				MTL_FAST_MATH = YES;
				ONLY_ACTIVE_ARCH = YES;
				SDKROOT = macosx;
			};
			name = Debug;
		};
		F20690472A59965A00519F19 /* Release */ = {
			isa = XCBuildConfiguration;
			buildSettings = {
				ALWAYS_SEARCH_USER_PATHS = NO;
				ASSETCATALOG_COMPILER_GENERATE_SWIFT_ASSET_SYMBOL_EXTENSIONS = YES;
				CLANG_ANALYZER_NONNULL = YES;
				CLANG_ANALYZER_NUMBER_OBJECT_CONVERSION = YES_AGGRESSIVE;
				CLANG_CXX_LANGUAGE_STANDARD = "gnu++20";
				CLANG_ENABLE_MODULES = YES;
				CLANG_ENABLE_OBJC_ARC = YES;
				CLANG_ENABLE_OBJC_WEAK = YES;
				CLANG_WARN_BLOCK_CAPTURE_AUTORELEASING = YES;
				CLANG_WARN_BOOL_CONVERSION = YES;
				CLANG_WARN_COMMA = YES;
				CLANG_WARN_CONSTANT_CONVERSION = YES;
				CLANG_WARN_DEPRECATED_OBJC_IMPLEMENTATIONS = YES;
				CLANG_WARN_DIRECT_OBJC_ISA_USAGE = YES_ERROR;
				CLANG_WARN_DOCUMENTATION_COMMENTS = YES;
				CLANG_WARN_EMPTY_BODY = YES;
				CLANG_WARN_ENUM_CONVERSION = YES;
				CLANG_WARN_INFINITE_RECURSION = YES;
				CLANG_WARN_INT_CONVERSION = YES;
				CLANG_WARN_NON_LITERAL_NULL_CONVERSION = YES;
				CLANG_WARN_OBJC_IMPLICIT_RETAIN_SELF = YES;
				CLANG_WARN_OBJC_LITERAL_CONVERSION = YES;
				CLANG_WARN_OBJC_ROOT_CLASS = YES_ERROR;
				CLANG_WARN_QUOTED_INCLUDE_IN_FRAMEWORK_HEADER = YES;
				CLANG_WARN_RANGE_LOOP_ANALYSIS = YES;
				CLANG_WARN_STRICT_PROTOTYPES = YES;
				CLANG_WARN_SUSPICIOUS_MOVE = YES;
				CLANG_WARN_UNGUARDED_AVAILABILITY = YES_AGGRESSIVE;
				CLANG_WARN_UNREACHABLE_CODE = YES;
				CLANG_WARN__DUPLICATE_METHOD_MATCH = YES;
				COPY_PHASE_STRIP = NO;
				DEBUG_INFORMATION_FORMAT = "dwarf-with-dsym";
				ENABLE_NS_ASSERTIONS = NO;
				ENABLE_STRICT_OBJC_MSGSEND = YES;
				ENABLE_USER_SCRIPT_SANDBOXING = YES;
				GCC_C_LANGUAGE_STANDARD = gnu17;
				GCC_NO_COMMON_BLOCKS = YES;
				GCC_WARN_64_TO_32_BIT_CONVERSION = YES;
				GCC_WARN_ABOUT_RETURN_TYPE = YES_ERROR;
				GCC_WARN_UNDECLARED_SELECTOR = YES;
				GCC_WARN_UNINITIALIZED_AUTOS = YES_AGGRESSIVE;
				GCC_WARN_UNUSED_FUNCTION = YES;
				GCC_WARN_UNUSED_VARIABLE = YES;
				LOCALIZATION_PREFERS_STRING_CATALOGS = YES;
				MACOSX_DEPLOYMENT_TARGET = 13.5;
				MTL_ENABLE_DEBUG_INFO = NO;
				MTL_FAST_MATH = YES;
				SDKROOT = macosx;
			};
			name = Release;
		};
		F20690492A59965A00519F19 /* Debug */ = {
			isa = XCBuildConfiguration;
			buildSettings = {
				CODE_SIGN_STYLE = Automatic;
				DEVELOPMENT_TEAM = BPXZQ3R8TZ;
				ENABLE_HARDENED_RUNTIME = YES;
				HEADER_SEARCH_PATHS = "/opt/homebrew/Cellar/libusb/1.0.26/include/**";
				LIBRARY_SEARCH_PATHS = (
					"$(inherited)",
					/opt/homebrew/Cellar/libusb/1.0.26/lib,
				);
				PRODUCT_NAME = "$(TARGET_NAME)";
			};
			name = Debug;
		};
		F206904A2A59965A00519F19 /* Release */ = {
			isa = XCBuildConfiguration;
			buildSettings = {
				CODE_SIGN_STYLE = Automatic;
				DEVELOPMENT_TEAM = BPXZQ3R8TZ;
				ENABLE_HARDENED_RUNTIME = YES;
				HEADER_SEARCH_PATHS = "/opt/homebrew/Cellar/libusb/1.0.26/include/**";
				LIBRARY_SEARCH_PATHS = (
					"$(inherited)",
					/opt/homebrew/Cellar/libusb/1.0.26/lib,
				);
				PRODUCT_NAME = "$(TARGET_NAME)";
			};
			name = Release;
		};
/* End XCBuildConfiguration section */

/* Begin XCConfigurationList section */
		F206903C2A59965A00519F19 /* Build configuration list for PBXProject "jailbreak" */ = {
			isa = XCConfigurationList;
			buildConfigurations = (
				F20690462A59965A00519F19 /* Debug */,
				F20690472A59965A00519F19 /* Release */,
			);
			defaultConfigurationIsVisible = 0;
			defaultConfigurationName = Release;
		};
		F20690482A59965A00519F19 /* Build configuration list for PBXNativeTarget "jailbreak" */ = {
			isa = XCConfigurationList;
			buildConfigurations = (
				F20690492A59965A00519F19 /* Debug */,
				F206904A2A59965A00519F19 /* Release */,
			);
			defaultConfigurationIsVisible = 0;
			defaultConfigurationName = Release;
		};
/* End XCConfigurationList section */
	};
	rootObject = F20690392A59965A00519F19 /* Project object */;
}
